// !$*UTF8*$!
{
	archiveVersion = 1;
	classes = {
	};
	objectVersion = 56;
	objects = {

/* Begin PBXBuildFile section */
		9447A7492B9E3155006F412B /* OpenAPIRuntime in Frameworks */ = {isa = PBXBuildFile; productRef = 9447A7482B9E3155006F412B /* OpenAPIRuntime */; };
		9447A74C2B9E3185006F412B /* OpenAPIURLSession in Frameworks */ = {isa = PBXBuildFile; productRef = 9447A74B2B9E3185006F412B /* OpenAPIURLSession */; };
		9447A7502B9E321D006F412B /* openapi.yaml in Resources */ = {isa = PBXBuildFile; fileRef = 9447A74F2B9E321C006F412B /* openapi.yaml */; };
		9447A7522B9E3534006F412B /* openapi-generator-config.yaml in Resources */ = {isa = PBXBuildFile; fileRef = 9447A7512B9E3534006F412B /* openapi-generator-config.yaml */; };
		9447A7562B9E37A6006F412B /* StationListService.swift in Sources */ = {isa = PBXBuildFile; fileRef = 9447A7552B9E37A6006F412B /* StationListService.swift */; };
		94D445EF2B93984400B0EE90 /* travelAppApp.swift in Sources */ = {isa = PBXBuildFile; fileRef = 94D445EE2B93984400B0EE90 /* travelAppApp.swift */; };
		94D445F12B93984400B0EE90 /* ContentView.swift in Sources */ = {isa = PBXBuildFile; fileRef = 94D445F02B93984400B0EE90 /* ContentView.swift */; };
		94D445F32B93984600B0EE90 /* Assets.xcassets in Resources */ = {isa = PBXBuildFile; fileRef = 94D445F22B93984600B0EE90 /* Assets.xcassets */; };
		94D445F62B93984600B0EE90 /* Preview Assets.xcassets in Resources */ = {isa = PBXBuildFile; fileRef = 94D445F52B93984600B0EE90 /* Preview Assets.xcassets */; };
/* End PBXBuildFile section */

/* Begin PBXFileReference section */
		9447A74F2B9E321C006F412B /* openapi.yaml */ = {isa = PBXFileReference; fileEncoding = 4; lastKnownFileType = text.yaml; path = openapi.yaml; sourceTree = "<group>"; };
		9447A7512B9E3534006F412B /* openapi-generator-config.yaml */ = {isa = PBXFileReference; lastKnownFileType = text.yaml; path = "openapi-generator-config.yaml"; sourceTree = "<group>"; };
		9447A7552B9E37A6006F412B /* StationListService.swift */ = {isa = PBXFileReference; lastKnownFileType = sourcecode.swift; path = StationListService.swift; sourceTree = "<group>"; };
		94D445EB2B93984400B0EE90 /* travelApp.app */ = {isa = PBXFileReference; explicitFileType = wrapper.application; includeInIndex = 0; path = travelApp.app; sourceTree = BUILT_PRODUCTS_DIR; };
		94D445EE2B93984400B0EE90 /* travelAppApp.swift */ = {isa = PBXFileReference; lastKnownFileType = sourcecode.swift; path = travelAppApp.swift; sourceTree = "<group>"; };
		94D445F02B93984400B0EE90 /* ContentView.swift */ = {isa = PBXFileReference; lastKnownFileType = sourcecode.swift; path = ContentView.swift; sourceTree = "<group>"; };
		94D445F22B93984600B0EE90 /* Assets.xcassets */ = {isa = PBXFileReference; lastKnownFileType = folder.assetcatalog; path = Assets.xcassets; sourceTree = "<group>"; };
		94D445F52B93984600B0EE90 /* Preview Assets.xcassets */ = {isa = PBXFileReference; lastKnownFileType = folder.assetcatalog; path = "Preview Assets.xcassets"; sourceTree = "<group>"; };
/* End PBXFileReference section */

/* Begin PBXFrameworksBuildPhase section */
		94D445E82B93984400B0EE90 /* Frameworks */ = {
			isa = PBXFrameworksBuildPhase;
			buildActionMask = 2147483647;
			files = (
				9447A74C2B9E3185006F412B /* OpenAPIURLSession in Frameworks */,
				9447A7492B9E3155006F412B /* OpenAPIRuntime in Frameworks */,
			);
			runOnlyForDeploymentPostprocessing = 0;
		};
/* End PBXFrameworksBuildPhase section */

/* Begin PBXGroup section */
		9447A7542B9E3658006F412B /* Services */ = {
			isa = PBXGroup;
			children = (
				9447A7552B9E37A6006F412B /* StationListService.swift */,
			);
			path = Services;
			sourceTree = "<group>";
		};
		94D445E22B93984400B0EE90 = {
			isa = PBXGroup;
			children = (
				94D445ED2B93984400B0EE90 /* travelApp */,
				94D445EC2B93984400B0EE90 /* Products */,
			);
			sourceTree = "<group>";
		};
		94D445EC2B93984400B0EE90 /* Products */ = {
			isa = PBXGroup;
			children = (
				94D445EB2B93984400B0EE90 /* travelApp.app */,
			);
			name = Products;
			sourceTree = "<group>";
		};
		94D445ED2B93984400B0EE90 /* travelApp */ = {
			isa = PBXGroup;
			children = (
				9447A7542B9E3658006F412B /* Services */,
				9447A74F2B9E321C006F412B /* openapi.yaml */,
				94D445EE2B93984400B0EE90 /* travelAppApp.swift */,
				94D445F02B93984400B0EE90 /* ContentView.swift */,
				94D445F22B93984600B0EE90 /* Assets.xcassets */,
				94D445F42B93984600B0EE90 /* Preview Content */,
				9447A7512B9E3534006F412B /* openapi-generator-config.yaml */,
			);
			path = travelApp;
			sourceTree = "<group>";
		};
		94D445F42B93984600B0EE90 /* Preview Content */ = {
			isa = PBXGroup;
			children = (
				94D445F52B93984600B0EE90 /* Preview Assets.xcassets */,
			);
			path = "Preview Content";
			sourceTree = "<group>";
		};
/* End PBXGroup section */

/* Begin PBXNativeTarget section */
		94D445EA2B93984400B0EE90 /* travelApp */ = {
			isa = PBXNativeTarget;
			buildConfigurationList = 94D445F92B93984600B0EE90 /* Build configuration list for PBXNativeTarget "travelApp" */;
			buildPhases = (
				94D445E72B93984400B0EE90 /* Sources */,
				94D445E82B93984400B0EE90 /* Frameworks */,
				94D445E92B93984400B0EE90 /* Resources */,
			);
			buildRules = (
			);
			dependencies = (
				9447A74E2B9E31F1006F412B /* PBXTargetDependency */,
			);
			name = travelApp;
			packageProductDependencies = (
				9447A7482B9E3155006F412B /* OpenAPIRuntime */,
				9447A74B2B9E3185006F412B /* OpenAPIURLSession */,
			);
			productName = travelApp;
			productReference = 94D445EB2B93984400B0EE90 /* travelApp.app */;
			productType = "com.apple.product-type.application";
		};
/* End PBXNativeTarget section */

/* Begin PBXProject section */
		94D445E32B93984400B0EE90 /* Project object */ = {
			isa = PBXProject;
			attributes = {
				BuildIndependentTargetsInParallel = 1;
				LastSwiftUpdateCheck = 1410;
				LastUpgradeCheck = 1410;
				TargetAttributes = {
					94D445EA2B93984400B0EE90 = {
						CreatedOnToolsVersion = 14.1;
					};
				};
			};
			buildConfigurationList = 94D445E62B93984400B0EE90 /* Build configuration list for PBXProject "travelApp" */;
			compatibilityVersion = "Xcode 14.0";
			developmentRegion = en;
			hasScannedForEncodings = 0;
			knownRegions = (
				en,
				Base,
			);
			mainGroup = 94D445E22B93984400B0EE90;
			packageReferences = (
				9447A7422B9E310E006F412B /* XCRemoteSwiftPackageReference "swift-openapi-generator" */,
				9447A7472B9E3155006F412B /* XCRemoteSwiftPackageReference "swift-openapi-runtime" */,
				9447A74A2B9E3185006F412B /* XCRemoteSwiftPackageReference "swift-openapi-urlsession" */,
			);
			productRefGroup = 94D445EC2B93984400B0EE90 /* Products */;
			projectDirPath = "";
			projectRoot = "";
			targets = (
				94D445EA2B93984400B0EE90 /* travelApp */,
			);
		};
/* End PBXProject section */

/* Begin PBXResourcesBuildPhase section */
		94D445E92B93984400B0EE90 /* Resources */ = {
			isa = PBXResourcesBuildPhase;
			buildActionMask = 2147483647;
			files = (
				94D445F62B93984600B0EE90 /* Preview Assets.xcassets in Resources */,
				9447A7522B9E3534006F412B /* openapi-generator-config.yaml in Resources */,
				94D445F32B93984600B0EE90 /* Assets.xcassets in Resources */,
				9447A7502B9E321D006F412B /* openapi.yaml in Resources */,
			);
			runOnlyForDeploymentPostprocessing = 0;
		};
/* End PBXResourcesBuildPhase section */

/* Begin PBXSourcesBuildPhase section */
		94D445E72B93984400B0EE90 /* Sources */ = {
			isa = PBXSourcesBuildPhase;
			buildActionMask = 2147483647;
			files = (
				9447A7562B9E37A6006F412B /* StationListService.swift in Sources */,
				94D445F12B93984400B0EE90 /* ContentView.swift in Sources */,
				94D445EF2B93984400B0EE90 /* travelAppApp.swift in Sources */,
			);
			runOnlyForDeploymentPostprocessing = 0;
		};
/* End PBXSourcesBuildPhase section */

/* Begin PBXTargetDependency section */
		9447A74E2B9E31F1006F412B /* PBXTargetDependency */ = {
			isa = PBXTargetDependency;
			productRef = 9447A74D2B9E31F1006F412B /* OpenAPIGenerator */;
		};
/* End PBXTargetDependency section */

/* Begin XCBuildConfiguration section */
		94D445F72B93984600B0EE90 /* Debug */ = {
			isa = XCBuildConfiguration;
			buildSettings = {
				ALWAYS_SEARCH_USER_PATHS = NO;
				CLANG_ANALYZER_NONNULL = YES;
				CLANG_ANALYZER_NUMBER_OBJECT_CONVERSION = YES_AGGRESSIVE;
				CLANG_CXX_LANGUAGE_STANDARD = "gnu++20";
				CLANG_ENABLE_MODULES = YES;
				CLANG_ENABLE_OBJC_ARC = YES;
				CLANG_ENABLE_OBJC_WEAK = YES;
				CLANG_WARN_BLOCK_CAPTURE_AUTORELEASING = YES;
				CLANG_WARN_BOOL_CONVERSION = YES;
				CLANG_WARN_COMMA = YES;
				CLANG_WARN_CONSTANT_CONVERSION = YES;
				CLANG_WARN_DEPRECATED_OBJC_IMPLEMENTATIONS = YES;
				CLANG_WARN_DIRECT_OBJC_ISA_USAGE = YES_ERROR;
				CLANG_WARN_DOCUMENTATION_COMMENTS = YES;
				CLANG_WARN_EMPTY_BODY = YES;
				CLANG_WARN_ENUM_CONVERSION = YES;
				CLANG_WARN_INFINITE_RECURSION = YES;
				CLANG_WARN_INT_CONVERSION = YES;
				CLANG_WARN_NON_LITERAL_NULL_CONVERSION = YES;
				CLANG_WARN_OBJC_IMPLICIT_RETAIN_SELF = YES;
				CLANG_WARN_OBJC_LITERAL_CONVERSION = YES;
				CLANG_WARN_OBJC_ROOT_CLASS = YES_ERROR;
				CLANG_WARN_QUOTED_INCLUDE_IN_FRAMEWORK_HEADER = YES;
				CLANG_WARN_RANGE_LOOP_ANALYSIS = YES;
				CLANG_WARN_STRICT_PROTOTYPES = YES;
				CLANG_WARN_SUSPICIOUS_MOVE = YES;
				CLANG_WARN_UNGUARDED_AVAILABILITY = YES_AGGRESSIVE;
				CLANG_WARN_UNREACHABLE_CODE = YES;
				CLANG_WARN__DUPLICATE_METHOD_MATCH = YES;
				COPY_PHASE_STRIP = NO;
				DEBUG_INFORMATION_FORMAT = dwarf;
				ENABLE_STRICT_OBJC_MSGSEND = YES;
				ENABLE_TESTABILITY = YES;
				GCC_C_LANGUAGE_STANDARD = gnu11;
				GCC_DYNAMIC_NO_PIC = NO;
				GCC_NO_COMMON_BLOCKS = YES;
				GCC_OPTIMIZATION_LEVEL = 0;
				GCC_PREPROCESSOR_DEFINITIONS = (
					"DEBUG=1",
					"$(inherited)",
				);
				GCC_WARN_64_TO_32_BIT_CONVERSION = YES;
				GCC_WARN_ABOUT_RETURN_TYPE = YES_ERROR;
				GCC_WARN_UNDECLARED_SELECTOR = YES;
				GCC_WARN_UNINITIALIZED_AUTOS = YES_AGGRESSIVE;
				GCC_WARN_UNUSED_FUNCTION = YES;
				GCC_WARN_UNUSED_VARIABLE = YES;
				IPHONEOS_DEPLOYMENT_TARGET = 15.0;
				MTL_ENABLE_DEBUG_INFO = INCLUDE_SOURCE;
				MTL_FAST_MATH = YES;
				ONLY_ACTIVE_ARCH = YES;
				SDKROOT = iphoneos;
				SWIFT_ACTIVE_COMPILATION_CONDITIONS = DEBUG;
				SWIFT_OPTIMIZATION_LEVEL = "-Onone";
			};
			name = Debug;
		};
		94D445F82B93984600B0EE90 /* Release */ = {
			isa = XCBuildConfiguration;
			buildSettings = {
				ALWAYS_SEARCH_USER_PATHS = NO;
				CLANG_ANALYZER_NONNULL = YES;
				CLANG_ANALYZER_NUMBER_OBJECT_CONVERSION = YES_AGGRESSIVE;
				CLANG_CXX_LANGUAGE_STANDARD = "gnu++20";
				CLANG_ENABLE_MODULES = YES;
				CLANG_ENABLE_OBJC_ARC = YES;
				CLANG_ENABLE_OBJC_WEAK = YES;
				CLANG_WARN_BLOCK_CAPTURE_AUTORELEASING = YES;
				CLANG_WARN_BOOL_CONVERSION = YES;
				CLANG_WARN_COMMA = YES;
				CLANG_WARN_CONSTANT_CONVERSION = YES;
				CLANG_WARN_DEPRECATED_OBJC_IMPLEMENTATIONS = YES;
				CLANG_WARN_DIRECT_OBJC_ISA_USAGE = YES_ERROR;
				CLANG_WARN_DOCUMENTATION_COMMENTS = YES;
				CLANG_WARN_EMPTY_BODY = YES;
				CLANG_WARN_ENUM_CONVERSION = YES;
				CLANG_WARN_INFINITE_RECURSION = YES;
				CLANG_WARN_INT_CONVERSION = YES;
				CLANG_WARN_NON_LITERAL_NULL_CONVERSION = YES;
				CLANG_WARN_OBJC_IMPLICIT_RETAIN_SELF = YES;
				CLANG_WARN_OBJC_LITERAL_CONVERSION = YES;
				CLANG_WARN_OBJC_ROOT_CLASS = YES_ERROR;
				CLANG_WARN_QUOTED_INCLUDE_IN_FRAMEWORK_HEADER = YES;
				CLANG_WARN_RANGE_LOOP_ANALYSIS = YES;
				CLANG_WARN_STRICT_PROTOTYPES = YES;
				CLANG_WARN_SUSPICIOUS_MOVE = YES;
				CLANG_WARN_UNGUARDED_AVAILABILITY = YES_AGGRESSIVE;
				CLANG_WARN_UNREACHABLE_CODE = YES;
				CLANG_WARN__DUPLICATE_METHOD_MATCH = YES;
				COPY_PHASE_STRIP = NO;
				DEBUG_INFORMATION_FORMAT = "dwarf-with-dsym";
				ENABLE_NS_ASSERTIONS = NO;
				ENABLE_STRICT_OBJC_MSGSEND = YES;
				GCC_C_LANGUAGE_STANDARD = gnu11;
				GCC_NO_COMMON_BLOCKS = YES;
				GCC_WARN_64_TO_32_BIT_CONVERSION = YES;
				GCC_WARN_ABOUT_RETURN_TYPE = YES_ERROR;
				GCC_WARN_UNDECLARED_SELECTOR = YES;
				GCC_WARN_UNINITIALIZED_AUTOS = YES_AGGRESSIVE;
				GCC_WARN_UNUSED_FUNCTION = YES;
				GCC_WARN_UNUSED_VARIABLE = YES;
				IPHONEOS_DEPLOYMENT_TARGET = 15.0;
				MTL_ENABLE_DEBUG_INFO = NO;
				MTL_FAST_MATH = YES;
				SDKROOT = iphoneos;
				SWIFT_COMPILATION_MODE = wholemodule;
				SWIFT_OPTIMIZATION_LEVEL = "-O";
				VALIDATE_PRODUCT = YES;
			};
			name = Release;
		};
		94D445FA2B93984600B0EE90 /* Debug */ = {
			isa = XCBuildConfiguration;
			buildSettings = {
				ASSETCATALOG_COMPILER_APPICON_NAME = AppIcon;
				ASSETCATALOG_COMPILER_GLOBAL_ACCENT_COLOR_NAME = AccentColor;
				CODE_SIGN_STYLE = Automatic;
				CURRENT_PROJECT_VERSION = 1;
				DEVELOPMENT_ASSET_PATHS = "\"travelApp/Preview Content\"";
				ENABLE_PREVIEWS = YES;
				GENERATE_INFOPLIST_FILE = YES;
				INFOPLIST_KEY_UIApplicationSceneManifest_Generation = YES;
				INFOPLIST_KEY_UIApplicationSupportsIndirectInputEvents = YES;
				INFOPLIST_KEY_UILaunchScreen_Generation = YES;
				INFOPLIST_KEY_UISupportedInterfaceOrientations = UIInterfaceOrientationPortrait;
				INFOPLIST_KEY_UISupportedInterfaceOrientations_iPad = "UIInterfaceOrientationLandscapeLeft UIInterfaceOrientationLandscapeRight UIInterfaceOrientationPortrait UIInterfaceOrientationPortraitUpsideDown";
				IPHONEOS_DEPLOYMENT_TARGET = 15.0;
				LD_RUNPATH_SEARCH_PATHS = (
					"$(inherited)",
					"@executable_path/Frameworks",
				);
				MARKETING_VERSION = 1.0;
				PRODUCT_BUNDLE_IDENTIFIER = ru.mp3moto.library.travelApp;
				PRODUCT_NAME = "$(TARGET_NAME)";
				SUPPORTED_PLATFORMS = "iphoneos iphonesimulator";
				SUPPORTS_MACCATALYST = NO;
				SUPPORTS_MAC_DESIGNED_FOR_IPHONE_IPAD = NO;
				SUPPORTS_XR_DESIGNED_FOR_IPHONE_IPAD = NO;
				SWIFT_EMIT_LOC_STRINGS = YES;
				SWIFT_VERSION = 5.0;
				TARGETED_DEVICE_FAMILY = 1;
			};
			name = Debug;
		};
		94D445FB2B93984600B0EE90 /* Release */ = {
			isa = XCBuildConfiguration;
			buildSettings = {
				ASSETCATALOG_COMPILER_APPICON_NAME = AppIcon;
				ASSETCATALOG_COMPILER_GLOBAL_ACCENT_COLOR_NAME = AccentColor;
				CODE_SIGN_STYLE = Automatic;
				CURRENT_PROJECT_VERSION = 1;
				DEVELOPMENT_ASSET_PATHS = "\"travelApp/Preview Content\"";
				ENABLE_PREVIEWS = YES;
				GENERATE_INFOPLIST_FILE = YES;
				INFOPLIST_KEY_UIApplicationSceneManifest_Generation = YES;
				INFOPLIST_KEY_UIApplicationSupportsIndirectInputEvents = YES;
				INFOPLIST_KEY_UILaunchScreen_Generation = YES;
				INFOPLIST_KEY_UISupportedInterfaceOrientations = UIInterfaceOrientationPortrait;
				INFOPLIST_KEY_UISupportedInterfaceOrientations_iPad = "UIInterfaceOrientationLandscapeLeft UIInterfaceOrientationLandscapeRight UIInterfaceOrientationPortrait UIInterfaceOrientationPortraitUpsideDown";
				IPHONEOS_DEPLOYMENT_TARGET = 15.0;
				LD_RUNPATH_SEARCH_PATHS = (
					"$(inherited)",
					"@executable_path/Frameworks",
				);
				MARKETING_VERSION = 1.0;
				PRODUCT_BUNDLE_IDENTIFIER = ru.mp3moto.library.travelApp;
				PRODUCT_NAME = "$(TARGET_NAME)";
				SUPPORTED_PLATFORMS = "iphoneos iphonesimulator";
				SUPPORTS_MACCATALYST = NO;
				SUPPORTS_MAC_DESIGNED_FOR_IPHONE_IPAD = NO;
				SUPPORTS_XR_DESIGNED_FOR_IPHONE_IPAD = NO;
				SWIFT_EMIT_LOC_STRINGS = YES;
				SWIFT_VERSION = 5.0;
				TARGETED_DEVICE_FAMILY = 1;
			};
			name = Release;
		};
/* End XCBuildConfiguration section */

/* Begin XCConfigurationList section */
		94D445E62B93984400B0EE90 /* Build configuration list for PBXProject "travelApp" */ = {
			isa = XCConfigurationList;
			buildConfigurations = (
				94D445F72B93984600B0EE90 /* Debug */,
				94D445F82B93984600B0EE90 /* Release */,
			);
			defaultConfigurationIsVisible = 0;
			defaultConfigurationName = Release;
		};
		94D445F92B93984600B0EE90 /* Build configuration list for PBXNativeTarget "travelApp" */ = {
			isa = XCConfigurationList;
			buildConfigurations = (
				94D445FA2B93984600B0EE90 /* Debug */,
				94D445FB2B93984600B0EE90 /* Release */,
			);
			defaultConfigurationIsVisible = 0;
			defaultConfigurationName = Release;
		};
/* End XCConfigurationList section */

/* Begin XCRemoteSwiftPackageReference section */
		9447A7422B9E310E006F412B /* XCRemoteSwiftPackageReference "swift-openapi-generator" */ = {
			isa = XCRemoteSwiftPackageReference;
			repositoryURL = "https://github.com/apple/swift-openapi-generator";
			requirement = {
				kind = exactVersion;
				version = 1.2.1;
			};
		};
		9447A7472B9E3155006F412B /* XCRemoteSwiftPackageReference "swift-openapi-runtime" */ = {
			isa = XCRemoteSwiftPackageReference;
			repositoryURL = "https://github.com/apple/swift-openapi-runtime";
			requirement = {
				kind = exactVersion;
				version = 1.3.2;
			};
		};
		9447A74A2B9E3185006F412B /* XCRemoteSwiftPackageReference "swift-openapi-urlsession" */ = {
			isa = XCRemoteSwiftPackageReference;
			repositoryURL = "https://github.com/apple/swift-openapi-urlsession";
			requirement = {
				kind = exactVersion;
				version = 1.0.1;
			};
		};
/* End XCRemoteSwiftPackageReference section */

/* Begin XCSwiftPackageProductDependency section */
		9447A7482B9E3155006F412B /* OpenAPIRuntime */ = {
			isa = XCSwiftPackageProductDependency;
			package = 9447A7472B9E3155006F412B /* XCRemoteSwiftPackageReference "swift-openapi-runtime" */;
			productName = OpenAPIRuntime;
		};
		9447A74B2B9E3185006F412B /* OpenAPIURLSession */ = {
			isa = XCSwiftPackageProductDependency;
			package = 9447A74A2B9E3185006F412B /* XCRemoteSwiftPackageReference "swift-openapi-urlsession" */;
			productName = OpenAPIURLSession;
		};
		9447A74D2B9E31F1006F412B /* OpenAPIGenerator */ = {
			isa = XCSwiftPackageProductDependency;
			package = 9447A7422B9E310E006F412B /* XCRemoteSwiftPackageReference "swift-openapi-generator" */;
			productName = "plugin:OpenAPIGenerator";
		};
/* End XCSwiftPackageProductDependency section */
	};
	rootObject = 94D445E32B93984400B0EE90 /* Project object */;
}
